version = 1
revision = 3
requires-python = ">=3.10, <4"

[[package]]
name = "attrs"
version = "25.4.0"
source = { registry = "https://pypi.org/simple" }
sdist = { url = "https://files.pythonhosted.org/packages/6b/5c/685e6633917e101e5dcb62b9dd76946cbb57c26e133bae9e0cd36033c0a9/attrs-25.4.0.tar.gz", hash = "sha256:16d5969b87f0859ef33a48b35d55ac1be6e42ae49d5e853b597db70c35c57e11", size = 934251, upload-time = "2025-10-06T13:54:44.725Z" }
wheels = [
    { url = "https://files.pythonhosted.org/packages/3a/2a/7cc015f5b9f5db42b7d48157e23356022889fc354a2813c15934b7cb5c0e/attrs-25.4.0-py3-none-any.whl", hash = "sha256:adcf7e2a1fb3b36ac48d97835bb6d8ade15b8dcce26aba8bf1d14847b57a3373", size = 67615, upload-time = "2025-10-06T13:54:43.17Z" },
]

[[package]]
name = "certifi"
version = "2023.7.22"
source = { registry = "https://pypi.org/simple" }
sdist = { url = "https://files.pythonhosted.org/packages/98/98/c2ff18671db109c9f10ed27f5ef610ae05b73bd876664139cf95bd1429aa/certifi-2023.7.22.tar.gz", hash = "sha256:539cc1d13202e33ca466e88b2807e29f4c13049d6d87031a3c110744495cb082", size = 159517, upload-time = "2023-07-22T08:39:27.482Z" }
wheels = [
    { url = "https://files.pythonhosted.org/packages/4c/dd/2234eab22353ffc7d94e8d13177aaa050113286e93e7b40eae01fbf7c3d9/certifi-2023.7.22-py3-none-any.whl", hash = "sha256:92d6037539857d8206b8f6ae472e8b77db8058fec5937a1ef3f54304089edbb9", size = 158334, upload-time = "2023-07-22T08:39:25.345Z" },
]

[[package]]
name = "charset-normalizer"
version = "3.2.0"
source = { registry = "https://pypi.org/simple" }
sdist = { url = "https://files.pythonhosted.org/packages/2a/53/cf0a48de1bdcf6ff6e1c9a023f5f523dfe303e4024f216feac64b6eb7f67/charset-normalizer-3.2.0.tar.gz", hash = "sha256:3bb3d25a8e6c0aedd251753a79ae98a093c7e7b471faa3aa9a93a81431987ace", size = 97063, upload-time = "2023-07-07T20:19:09.586Z" }
wheels = [
    { url = "https://files.pythonhosted.org/packages/af/6f/b9b1613a5b672004f08ef3c02242b07406ff36164725ff15207737601de5/charset_normalizer-3.2.0-cp310-cp310-macosx_10_9_universal2.whl", hash = "sha256:0b87549028f680ca955556e3bd57013ab47474c3124dc069faa0b6545b6c9710", size = 204403, upload-time = "2023-07-07T20:16:50.096Z" },
    { url = "https://files.pythonhosted.org/packages/81/a0/96317ce912b512b7998434eae5e24b28bcc5f1680ad85348e31e1ca56332/charset_normalizer-3.2.0-cp310-cp310-macosx_10_9_x86_64.whl", hash = "sha256:7c70087bfee18a42b4040bb9ec1ca15a08242cf5867c58726530bdf3945672ed", size = 126403, upload-time = "2023-07-07T20:16:52.082Z" },
    { url = "https://files.pythonhosted.org/packages/ec/a7/96835706283d63fefbbbb4f119d52f195af00fc747e67cc54397c56312c8/charset_normalizer-3.2.0-cp310-cp310-macosx_11_0_arm64.whl", hash = "sha256:a103b3a7069b62f5d4890ae1b8f0597618f628b286b03d4bc9195230b154bfa9", size = 124214, upload-time = "2023-07-07T20:16:54.398Z" },
    { url = "https://files.pythonhosted.org/packages/f0/24/7e6c604d80a8eb4378cb075647e65b7905f06645243b43c79fe4b7487ed7/charset_normalizer-3.2.0-cp310-cp310-manylinux_2_17_aarch64.manylinux2014_aarch64.whl", hash = "sha256:94aea8eff76ee6d1cdacb07dd2123a68283cb5569e0250feab1240058f53b623", size = 197944, upload-time = "2023-07-07T20:16:56.367Z" },
    { url = "https://files.pythonhosted.org/packages/f1/f2/ef1479e741a7ed166b8253987071b2cf2d2b727fc8fa081520e3f7c97e44/charset_normalizer-3.2.0-cp310-cp310-manylinux_2_17_ppc64le.manylinux2014_ppc64le.whl", hash = "sha256:db901e2ac34c931d73054d9797383d0f8009991e723dab15109740a63e7f902a", size = 211641, upload-time = "2023-07-07T20:16:58.878Z" },
    { url = "https://files.pythonhosted.org/packages/45/60/1b2113fe172ac66ac4d210034e937ebe0be30bcae9a7a4d2ae5ad3c018b3/charset_normalizer-3.2.0-cp310-cp310-manylinux_2_17_s390x.manylinux2014_s390x.whl", hash = "sha256:b0dac0ff919ba34d4df1b6131f59ce95b08b9065233446be7e459f95554c0dc8", size = 201067, upload-time = "2023-07-07T20:17:00.678Z" },
    { url = "https://files.pythonhosted.org/packages/a4/65/057bf29660aae6ade0816457f8db4e749e5c0bfa2366eb5f67db9912fa4c/charset_normalizer-3.2.0-cp310-cp310-manylinux_2_17_x86_64.manylinux2014_x86_64.whl", hash = "sha256:193cbc708ea3aca45e7221ae58f0fd63f933753a9bfb498a3b474878f12caaad", size = 201819, upload-time = "2023-07-07T20:17:02.355Z" },
    { url = "https://files.pythonhosted.org/packages/08/f7/3f36bb1d0d74846155c7e3bf1477004c41243bb510f9082e785809787735/charset_normalizer-3.2.0-cp310-cp310-manylinux_2_5_i686.manylinux1_i686.manylinux_2_17_i686.manylinux2014_i686.whl", hash = "sha256:09393e1b2a9461950b1c9a45d5fd251dc7c6f228acab64da1c9c0165d9c7765c", size = 203559, upload-time = "2023-07-07T20:17:04.357Z" },
    { url = "https://files.pythonhosted.org/packages/6b/b7/f042568ee89c378b457f73fda1642fd3b795df79c285520e4ec8a74c8b09/charset_normalizer-3.2.0-cp310-cp310-musllinux_1_1_aarch64.whl", hash = "sha256:baacc6aee0b2ef6f3d308e197b5d7a81c0e70b06beae1f1fcacffdbd124fe0e3", size = 194200, upload-time = "2023-07-07T20:17:06.717Z" },
    { url = "https://files.pythonhosted.org/packages/e8/74/077cb06aed5d41118a5803e842943311032ab2fb94cf523be620c5be9911/charset_normalizer-3.2.0-cp310-cp310-musllinux_1_1_i686.whl", hash = "sha256:bf420121d4c8dce6b889f0e8e4ec0ca34b7f40186203f06a946fa0276ba54029", size = 197285, upload-time = "2023-07-07T20:17:08.713Z" },
    { url = "https://files.pythonhosted.org/packages/8b/c4/62b920ec8f4ec7b55cd29db894ced9a649214fd506295ac19fb786fe3c6f/charset_normalizer-3.2.0-cp310-cp310-musllinux_1_1_ppc64le.whl", hash = "sha256:c04a46716adde8d927adb9457bbe39cf473e1e2c2f5d0a16ceb837e5d841ad4f", size = 207562, upload-time = "2023-07-07T20:17:10.558Z" },
    { url = "https://files.pythonhosted.org/packages/f5/50/410da81fd67eb1becef9d633f6aae9f6e296f60126cfc3d19631f7919f76/charset_normalizer-3.2.0-cp310-cp310-musllinux_1_1_s390x.whl", hash = "sha256:aaf63899c94de41fe3cf934601b0f7ccb6b428c6e4eeb80da72c58eab077b19a", size = 196677, upload-time = "2023-07-07T20:17:12.994Z" },
    { url = "https://files.pythonhosted.org/packages/95/d2/6f25fddfbe31448ceea236e03b70d2bbd647d4bc9148bf9665307794c4f2/charset_normalizer-3.2.0-cp310-cp310-musllinux_1_1_x86_64.whl", hash = "sha256:d62e51710986674142526ab9f78663ca2b0726066ae26b78b22e0f5e571238dd", size = 195412, upload-time = "2023-07-07T20:17:14.963Z" },
    { url = "https://files.pythonhosted.org/packages/c1/92/4e30c977d2dc49ca7f84a053ccefd86097a9d1a220f3e1d1f9932561a992/charset_normalizer-3.2.0-cp310-cp310-win32.whl", hash = "sha256:04e57ab9fbf9607b77f7d057974694b4f6b142da9ed4a199859d9d4d5c63fe96", size = 89644, upload-time = "2023-07-07T20:17:16.616Z" },
    { url = "https://files.pythonhosted.org/packages/5c/f2/f3faa20684729d3910af2ee142e30432c7a46a817eadeeab87366ed87bbb/charset_normalizer-3.2.0-cp310-cp310-win_amd64.whl", hash = "sha256:48021783bdf96e3d6de03a6e39a1171ed5bd7e8bb93fc84cc649d11490f87cea", size = 96919, upload-time = "2023-07-07T20:17:18.566Z" },
    { url = "https://files.pythonhosted.org/packages/8e/a2/77cf1f042a4697822070fd5f3f5f58fd0e3ee798d040e3863eac43e3a2e5/charset_normalizer-3.2.0-cp311-cp311-macosx_10_9_universal2.whl", hash = "sha256:4957669ef390f0e6719db3613ab3a7631e68424604a7b448f079bee145da6e09", size = 201589, upload-time = "2023-07-07T20:17:20.299Z" },
    { url = "https://files.pythonhosted.org/packages/0f/16/8d50877a7215d31f024245a0acbda9e484dd70a21794f3109a6d8eaeba99/charset_normalizer-3.2.0-cp311-cp311-macosx_10_9_x86_64.whl", hash = "sha256:46fb8c61d794b78ec7134a715a3e564aafc8f6b5e338417cb19fe9f57a5a9bf2", size = 125098, upload-time = "2023-07-07T20:17:23.411Z" },
    { url = "https://files.pythonhosted.org/packages/91/e6/8fa919fc84a106e9b04109de62bdf8526899e2754a64da66e1cd50ac1faa/charset_normalizer-3.2.0-cp311-cp311-macosx_11_0_arm64.whl", hash = "sha256:f779d3ad205f108d14e99bb3859aa7dd8e9c68874617c72354d7ecaec2a054ac", size = 122774, upload-time = "2023-07-07T20:17:25.102Z" },
    { url = "https://files.pythonhosted.org/packages/28/ec/cda85baa366071c48593774eb59a5031793dd974fa26f4982829e971df6b/charset_normalizer-3.2.0-cp311-cp311-manylinux_2_17_aarch64.manylinux2014_aarch64.whl", hash = "sha256:f25c229a6ba38a35ae6e25ca1264621cc25d4d38dca2942a7fce0b67a4efe918", size = 195245, upload-time = "2023-07-07T20:17:26.606Z" },
    { url = "https://files.pythonhosted.org/packages/af/3d/57e7e401f8db6dd0c56e366d69dc7366173fc549bcd533dea15f2a805000/charset_normalizer-3.2.0-cp311-cp311-manylinux_2_17_ppc64le.manylinux2014_ppc64le.whl", hash = "sha256:2efb1bd13885392adfda4614c33d3b68dee4921fd0ac1d3988f8cbb7d589e72a", size = 209057, upload-time = "2023-07-07T20:17:28.191Z" },
    { url = "https://files.pythonhosted.org/packages/2e/29/dc806e009ddb357371458de3e93cfde78ea6e5c995df008fb6b048769457/charset_normalizer-3.2.0-cp311-cp311-manylinux_2_17_s390x.manylinux2014_s390x.whl", hash = "sha256:1f30b48dd7fa1474554b0b0f3fdfdd4c13b5c737a3c6284d3cdc424ec0ffff3a", size = 199178, upload-time = "2023-07-07T20:17:30.17Z" },
    { url = "https://files.pythonhosted.org/packages/bc/85/ef25d4ba14c7653c3020a1c6e1a7413e6791ef36a0ac177efa605fc2c737/charset_normalizer-3.2.0-cp311-cp311-manylinux_2_17_x86_64.manylinux2014_x86_64.whl", hash = "sha256:246de67b99b6851627d945db38147d1b209a899311b1305dd84916f2b88526c6", size = 199643, upload-time = "2023-07-07T20:17:31.749Z" },
    { url = "https://files.pythonhosted.org/packages/59/8e/62651b09599938e5e6d068ea723fd22d3f8c14d773c3c11c58e5e7d1eab7/charset_normalizer-3.2.0-cp311-cp311-manylinux_2_5_i686.manylinux1_i686.manylinux_2_17_i686.manylinux2014_i686.whl", hash = "sha256:9bd9b3b31adcb054116447ea22caa61a285d92e94d710aa5ec97992ff5eb7cf3", size = 200938, upload-time = "2023-07-07T20:17:33.628Z" },
    { url = "https://files.pythonhosted.org/packages/fd/17/0a1dba835ec37a3cc025f5c49653effb23f8cd391dea5e60a5696d639a92/charset_normalizer-3.2.0-cp311-cp311-musllinux_1_1_aarch64.whl", hash = "sha256:8c2f5e83493748286002f9369f3e6607c565a6a90425a3a1fef5ae32a36d749d", size = 191713, upload-time = "2023-07-07T20:17:35.77Z" },
    { url = "https://files.pythonhosted.org/packages/b6/2a/03e909cad170b0df5ce8b731fecbc872b7b922a1d38da441b5062a89e53f/charset_normalizer-3.2.0-cp311-cp311-musllinux_1_1_i686.whl", hash = "sha256:3170c9399da12c9dc66366e9d14da8bf7147e1e9d9ea566067bbce7bb74bd9c2", size = 194407, upload-time = "2023-07-07T20:17:37.503Z" },
    { url = "https://files.pythonhosted.org/packages/99/23/7262c6a7c8a8c2ec783886166a432985915f67277bc44020d181e5c04584/charset_normalizer-3.2.0-cp311-cp311-musllinux_1_1_ppc64le.whl", hash = "sha256:7a4826ad2bd6b07ca615c74ab91f32f6c96d08f6fcc3902ceeedaec8cdc3bcd6", size = 205192, upload-time = "2023-07-07T20:17:39.145Z" },
    { url = "https://files.pythonhosted.org/packages/27/19/49de2049561eca73233ba0ed7a843c184d364ef3b8886969a48d6793c830/charset_normalizer-3.2.0-cp311-cp311-musllinux_1_1_s390x.whl", hash = "sha256:3b1613dd5aee995ec6d4c69f00378bbd07614702a315a2cf6c1d21461fe17c23", size = 194606, upload-time = "2023-07-07T20:17:41.411Z" },
    { url = "https://files.pythonhosted.org/packages/6f/14/8e317fa69483a2823ea358a77e243c37f23f536a7add1b605460269593b5/charset_normalizer-3.2.0-cp311-cp311-musllinux_1_1_x86_64.whl", hash = "sha256:9e608aafdb55eb9f255034709e20d5a83b6d60c054df0802fa9c9883d0a937aa", size = 193277, upload-time = "2023-07-07T20:17:43.335Z" },
    { url = "https://files.pythonhosted.org/packages/a1/5c/c4ae954751f285c6170c3ef4de04492f88ddb29d218fefbdcbd9fb32ba5c/charset_normalizer-3.2.0-cp311-cp311-win32.whl", hash = "sha256:f2a1d0fd4242bd8643ce6f98927cf9c04540af6efa92323e9d3124f57727bfc1", size = 89425, upload-time = "2023-07-07T20:17:45.085Z" },
    { url = "https://files.pythonhosted.org/packages/91/6e/db0e545302bf93b6dbbdc496dd192c7f8e8c3bb1584acba069256d8b51d4/charset_normalizer-3.2.0-cp311-cp311-win_amd64.whl", hash = "sha256:681eb3d7e02e3c3655d1b16059fbfb605ac464c834a0c629048a30fad2b27489", size = 96558, upload-time = "2023-07-07T20:17:46.695Z" },
    { url = "https://files.pythonhosted.org/packages/bf/a0/188f223c7d8b924fb9b554b9d27e0e7506fd5bf9cfb6dbacb2dfd5832b53/charset_normalizer-3.2.0-py3-none-any.whl", hash = "sha256:8e098148dd37b4ce3baca71fb394c81dc5d9c7728c95df695d2dca218edf40e6", size = 46668, upload-time = "2023-07-07T20:19:07.49Z" },
]

[[package]]
name = "colorama"
version = "0.4.6"
source = { registry = "https://pypi.org/simple" }
sdist = { url = "https://files.pythonhosted.org/packages/d8/53/6f443c9a4a8358a93a6792e2acffb9d9d5cb0a5cfd8802644b7b1c9a02e4/colorama-0.4.6.tar.gz", hash = "sha256:08695f5cb7ed6e0531a20572697297273c47b8cae5a63ffc6d6ed5c201be6e44", size = 27697, upload-time = "2022-10-25T02:36:22.414Z" }
wheels = [
    { url = "https://files.pythonhosted.org/packages/d1/d6/3965ed04c63042e047cb6a3e6ed1a63a35087b6a609aa3a15ed8ac56c221/colorama-0.4.6-py2.py3-none-any.whl", hash = "sha256:4f1d9991f5acc0ca119f9d443620b77f9d6b33703e51011c16baf57afb285fc6", size = 25335, upload-time = "2022-10-25T02:36:20.889Z" },
]

[[package]]
name = "coverage"
version = "6.5.0"
source = { registry = "https://pypi.org/simple" }
sdist = { url = "https://files.pythonhosted.org/packages/5c/66/38d1870cb7cf62da49add1d6803fdbcdef632b2808b5c80bcac35b7634d8/coverage-6.5.0.tar.gz", hash = "sha256:f642e90754ee3e06b0e7e51bce3379590e76b7f76b708e1a71ff043f87025c84", size = 775224, upload-time = "2022-09-29T20:05:58.509Z" }
wheels = [
    { url = "https://files.pythonhosted.org/packages/c4/8d/5ec7d08f4601d2d792563fe31db5e9322c306848fec1e65ec8885927f739/coverage-6.5.0-cp310-cp310-macosx_10_9_x86_64.whl", hash = "sha256:ef8674b0ee8cc11e2d574e3e2998aea5df5ab242e012286824ea3c6970580e53", size = 185264, upload-time = "2022-09-29T20:04:39.481Z" },
    { url = "https://files.pythonhosted.org/packages/89/a2/cbf599e50bb4be416e0408c4cf523c354c51d7da39935461a9687e039481/coverage-6.5.0-cp310-cp310-macosx_11_0_arm64.whl", hash = "sha256:784f53ebc9f3fd0e2a3f6a78b2be1bd1f5575d7863e10c6e12504f240fd06660", size = 185482, upload-time = "2022-09-29T20:04:41.703Z" },
    { url = "https://files.pythonhosted.org/packages/15/b0/3639d84ee8a900da0cf6450ab46e22517e4688b6cec0ba8ab6f8166103a2/coverage-6.5.0-cp310-cp310-manylinux_2_17_aarch64.manylinux2014_aarch64.whl", hash = "sha256:b4a5be1748d538a710f87542f22c2cad22f80545a847ad91ce45e77417293eb4", size = 214083, upload-time = "2022-09-29T20:04:43.294Z" },
    { url = "https://files.pythonhosted.org/packages/13/f3/c6025ba30f2ce21d20d5332c3819880fe8afdfc008c2e2f9c075c7b67543/coverage-6.5.0-cp310-cp310-manylinux_2_5_i686.manylinux1_i686.manylinux_2_17_i686.manylinux2014_i686.whl", hash = "sha256:83516205e254a0cb77d2d7bb3632ee019d93d9f4005de31dca0a8c3667d5bc04", size = 212396, upload-time = "2022-09-29T20:04:44.809Z" },
    { url = "https://files.pythonhosted.org/packages/3c/7d/d5211ea782b193ab8064b06dc0cc042cf1a4ca9c93a530071459172c550f/coverage-6.5.0-cp310-cp310-manylinux_2_5_x86_64.manylinux1_x86_64.manylinux_2_17_x86_64.manylinux2014_x86_64.whl", hash = "sha256:af4fffaffc4067232253715065e30c5a7ec6faac36f8fc8d6f64263b15f74db0", size = 213270, upload-time = "2022-09-29T20:04:46.291Z" },
    { url = "https://files.pythonhosted.org/packages/10/9e/68e384940179713640743a010ac7f7c813d1087c8730a9c0bdfa73bdffd7/coverage-6.5.0-cp310-cp310-musllinux_1_1_aarch64.whl", hash = "sha256:97117225cdd992a9c2a5515db1f66b59db634f59d0679ca1fa3fe8da32749cae", size = 219188, upload-time = "2022-09-29T20:04:47.728Z" },
    { url = "https://files.pythonhosted.org/packages/2f/8b/ca3fe3cfbd66d63181f6e6a06b8b494bb327ba8222d2fa628b392b9ad08a/coverage-6.5.0-cp310-cp310-musllinux_1_1_i686.whl", hash = "sha256:a1170fa54185845505fbfa672f1c1ab175446c887cce8212c44149581cf2d466", size = 217430, upload-time = "2022-09-29T20:04:49.098Z" },
    { url = "https://files.pythonhosted.org/packages/c0/18/2a0a9b3c29376ce04ceb7ca2948559dad76409a2c9b3f664756581101e16/coverage-6.5.0-cp310-cp310-musllinux_1_1_x86_64.whl", hash = "sha256:11b990d520ea75e7ee8dcab5bc908072aaada194a794db9f6d7d5cfd19661e5a", size = 218646, upload-time = "2022-09-29T20:04:50.582Z" },
    { url = "https://files.pythonhosted.org/packages/11/9e/7afba355bdabc550b3b2669e3432e71aec87d79400372d7686c09aab0acf/coverage-6.5.0-cp310-cp310-win32.whl", hash = "sha256:5dbec3b9095749390c09ab7c89d314727f18800060d8d24e87f01fb9cfb40b32", size = 187602, upload-time = "2022-09-29T20:04:52.509Z" },
    { url = "https://files.pythonhosted.org/packages/ae/a3/f45cb5d32de0751863945d22083c15eb8854bb53681b2e792f2066c629b9/coverage-6.5.0-cp310-cp310-win_amd64.whl", hash = "sha256:59f53f1dc5b656cafb1badd0feb428c1e7bc19b867479ff72f7a9dd9b479f10e", size = 188510, upload-time = "2022-09-29T20:04:54.421Z" },
    { url = "https://files.pythonhosted.org/packages/50/cf/455930004231fa87efe8be06d13512f34e070ddfee8b8bf5a050cdc47ab3/coverage-6.5.0-cp311-cp311-macosx_10_9_x86_64.whl", hash = "sha256:4a5375e28c5191ac38cca59b38edd33ef4cc914732c916f2929029b4bfb50795", size = 185433, upload-time = "2022-09-29T20:04:55.856Z" },
    { url = "https://files.pythonhosted.org/packages/36/f3/5cbd79cf4cd059c80b59104aca33b8d05af4ad5bf5b1547645ecee716378/coverage-6.5.0-cp311-cp311-manylinux_2_17_aarch64.manylinux2014_aarch64.whl", hash = "sha256:c4ed2820d919351f4167e52425e096af41bfabacb1857186c1ea32ff9983ed75", size = 217736, upload-time = "2022-09-29T20:04:57.242Z" },
    { url = "https://files.pythonhosted.org/packages/89/58/5ec19b43a6511288511f64fc4763d95af8403f5926e7e4556e6b29b03a26/coverage-6.5.0-cp311-cp311-manylinux_2_5_i686.manylinux1_i686.manylinux_2_17_i686.manylinux2014_i686.whl", hash = "sha256:33a7da4376d5977fbf0a8ed91c4dffaaa8dbf0ddbf4c8eea500a2486d8bc4d7b", size = 215313, upload-time = "2022-09-29T20:04:58.661Z" },
    { url = "https://files.pythonhosted.org/packages/6a/63/8e82513b7e4a1b8d887b4e85c1c2b6c9b754a581b187c0b084f3330ac479/coverage-6.5.0-cp311-cp311-manylinux_2_5_x86_64.manylinux1_x86_64.manylinux_2_17_x86_64.manylinux2014_x86_64.whl", hash = "sha256:a8fb6cf131ac4070c9c5a3e21de0f7dc5a0fbe8bc77c9456ced896c12fcdad91", size = 217115, upload-time = "2022-09-29T20:05:00.194Z" },
    { url = "https://files.pythonhosted.org/packages/ac/bc/c9d4fd6b3494d2cc1e26f4b98eb19206b92a59094617ad02d5689ac9d3c4/coverage-6.5.0-cp311-cp311-musllinux_1_1_aarch64.whl", hash = "sha256:a6b7d95969b8845250586f269e81e5dfdd8ff828ddeb8567a4a2eaa7313460c4", size = 226072, upload-time = "2022-09-29T20:05:01.635Z" },
    { url = "https://files.pythonhosted.org/packages/78/98/253ce0cfcc3b352d3072940940ed44a035614f2abe781477f77038d21d9f/coverage-6.5.0-cp311-cp311-musllinux_1_1_i686.whl", hash = "sha256:1ef221513e6f68b69ee9e159506d583d31aa3567e0ae84eaad9d6ec1107dddaa", size = 224486, upload-time = "2022-09-29T20:05:03.158Z" },
    { url = "https://files.pythonhosted.org/packages/4b/66/6e588f5dfc93ccedd06d6785c8143f17bb92b89247d50128d8789e9588d0/coverage-6.5.0-cp311-cp311-musllinux_1_1_x86_64.whl", hash = "sha256:cca4435eebea7962a52bdb216dec27215d0df64cf27fc1dd538415f5d2b9da6b", size = 225537, upload-time = "2022-09-29T20:05:04.646Z" },
    { url = "https://files.pythonhosted.org/packages/ff/27/339089b558672f04e62d0cd2d49b9280270bad3bc95de24e7eb03deb4638/coverage-6.5.0-cp311-cp311-win32.whl", hash = "sha256:98e8a10b7a314f454d9eff4216a9a94d143a7ee65018dd12442e898ee2310578", size = 187586, upload-time = "2022-09-29T20:05:06.22Z" },
    { url = "https://files.pythonhosted.org/packages/e6/24/7fe8ededb4060dd8c3f1d86cb624fcb3452f66fbef5051ed7fab126c5c0c/coverage-6.5.0-cp311-cp311-win_amd64.whl", hash = "sha256:bc8ef5e043a2af066fa8cbfc6e708d58017024dc4345a1f9757b329a249f041b", size = 188604, upload-time = "2022-09-29T20:05:09.007Z" },
]

[package.optional-dependencies]
toml = [
    { name = "tomli", marker = "python_full_version <= '3.11'" },
]

[[package]]
name = "coveralls"
version = "3.3.1"
source = { registry = "https://pypi.org/simple" }
dependencies = [
    { name = "coverage" },
    { name = "docopt" },
    { name = "requests" },
]
sdist = { url = "https://files.pythonhosted.org/packages/c2/c5/6b8254092117fa366b022fbee9434224483ba38e0bbf36e80836bf10692a/coveralls-3.3.1.tar.gz", hash = "sha256:b32a8bb5d2df585207c119d6c01567b81fba690c9c10a753bfe27a335bfc43ea", size = 17964, upload-time = "2021-11-11T21:00:05.24Z" }
wheels = [
    { url = "https://files.pythonhosted.org/packages/56/d6/e95db3c56afd1eff815db7dda01908f5e57770e47042209db448ab496197/coveralls-3.3.1-py2.py3-none-any.whl", hash = "sha256:f42015f31d386b351d4226389b387ae173207058832fbf5c8ec4b40e27b16026", size = 14700, upload-time = "2021-11-11T21:00:03.875Z" },
]

[[package]]
name = "docopt"
version = "0.6.2"
source = { registry = "https://pypi.org/simple" }
sdist = { url = "https://files.pythonhosted.org/packages/a2/55/8f8cab2afd404cf578136ef2cc5dfb50baa1761b68c9da1fb1e4eed343c9/docopt-0.6.2.tar.gz", hash = "sha256:49b3a825280bd66b3aa83585ef59c4a8c82f2c8a522dbe754a8bc8d08c85c491", size = 25901, upload-time = "2014-06-16T11:18:57.406Z" }

[[package]]
name = "exceptiongroup"
version = "1.1.3"
source = { registry = "https://pypi.org/simple" }
sdist = { url = "https://files.pythonhosted.org/packages/c2/e1/5561ad26f99b7779c28356f73f69a8b468ef491d0f6adf20d7ed0ac98ec1/exceptiongroup-1.1.3.tar.gz", hash = "sha256:097acd85d473d75af5bb98e41b61ff7fe35efe6675e4f9370ec6ec5126d160e9", size = 23776, upload-time = "2023-08-14T12:27:23.251Z" }
wheels = [
    { url = "https://files.pythonhosted.org/packages/ad/83/b71e58666f156a39fb29417e4c8ca4bc7400c0dd4ed9e8842ab54dc8c344/exceptiongroup-1.1.3-py3-none-any.whl", hash = "sha256:343280667a4585d195ca1cf9cef84a4e178c4b6cf2274caef9859782b567d5e3", size = 14710, upload-time = "2023-08-14T12:27:21.766Z" },
]

[[package]]
name = "idna"
version = "3.4"
source = { registry = "https://pypi.org/simple" }
sdist = { url = "https://files.pythonhosted.org/packages/8b/e1/43beb3d38dba6cb420cefa297822eac205a277ab43e5ba5d5c46faf96438/idna-3.4.tar.gz", hash = "sha256:814f528e8dead7d329833b91c5faa87d60bf71824cd12a7530b5526063d02cb4", size = 183077, upload-time = "2022-09-14T00:24:27.719Z" }
wheels = [
    { url = "https://files.pythonhosted.org/packages/fc/34/3030de6f1370931b9dbb4dad48f6ab1015ab1d32447850b9fc94e60097be/idna-3.4-py3-none-any.whl", hash = "sha256:90b77e79eaa3eba6de819a0c442c0b4ceefc341a7a2ab77d7562bf49f425c5c2", size = 61538, upload-time = "2022-09-14T00:24:23.22Z" },
]

[[package]]
name = "iniconfig"
version = "2.0.0"
source = { registry = "https://pypi.org/simple" }
sdist = { url = "https://files.pythonhosted.org/packages/d7/4b/cbd8e699e64a6f16ca3a8220661b5f83792b3017d0f79807cb8708d33913/iniconfig-2.0.0.tar.gz", hash = "sha256:2d91e135bf72d31a410b17c16da610a82cb55f6b0477d1a902134b24a455b8b3", size = 4646, upload-time = "2023-01-07T11:08:11.254Z" }
wheels = [
    { url = "https://files.pythonhosted.org/packages/ef/a6/62565a6e1cf69e10f5727360368e451d4b7f58beeac6173dc9db836a5b46/iniconfig-2.0.0-py3-none-any.whl", hash = "sha256:b6a85871a79d2e3b22d2d1b94ac2824226a63c6b741c88f7ae975f18b6778374", size = 5892, upload-time = "2023-01-07T11:08:09.864Z" },
]

[[package]]
name = "markdown-pytest"
version = "0.3.2"
source = { registry = "https://pypi.org/simple" }
dependencies = [
    { name = "pytest-subtests" },
]
sdist = { url = "https://files.pythonhosted.org/packages/ca/c8/1da6e4461b88418469a1349e0da0973fd6e0e00c08a03bacc53a0553cb00/markdown_pytest-0.3.2.tar.gz", hash = "sha256:ddb1b746e18fbdaab97bc2058b90c0b3d71063c8265a88a8c755f433f94a5e12", size = 8900, upload-time = "2024-05-07T14:08:33.401Z" }
wheels = [
    { url = "https://files.pythonhosted.org/packages/cf/a1/1592c58d441f7385bdcec53b06a4865a188c00f19abeff955a129e99f7c4/markdown_pytest-0.3.2-py3-none-any.whl", hash = "sha256:2faabe7bfba232b2b2075d6b552580d370733c5ff77934f41bcfcb960b06d09f", size = 9526, upload-time = "2024-05-07T14:08:32.26Z" },
]

[[package]]
name = "mypy"
version = "1.5.1"
source = { registry = "https://pypi.org/simple" }
dependencies = [
    { name = "mypy-extensions" },
    { name = "tomli", marker = "python_full_version < '3.11'" },
    { name = "typing-extensions" },
]
sdist = { url = "https://files.pythonhosted.org/packages/33/f9/c84b68e4a754f5ce200dcf0786aa489164fa9d9dee84e375bd7d99caf637/mypy-1.5.1.tar.gz", hash = "sha256:b031b9601f1060bf1281feab89697324726ba0c0bae9d7cd7ab4b690940f0b92", size = 2891640, upload-time = "2023-08-16T16:54:46.922Z" }
wheels = [
    { url = "https://files.pythonhosted.org/packages/e3/f2/f423ed3f405d5986e90990464cdc717a7745837e152400f4e8d6be965a35/mypy-1.5.1-cp310-cp310-macosx_10_9_x86_64.whl", hash = "sha256:f33592ddf9655a4894aef22d134de7393e95fcbdc2d15c1ab65828eee5c66c70", size = 10572983, upload-time = "2023-08-16T16:53:18.826Z" },
    { url = "https://files.pythonhosted.org/packages/51/6c/b806cf96ca3236709ae41ff8fecb9c983e95c4ac9c84ccd0a7ae74230792/mypy-1.5.1-cp310-cp310-macosx_11_0_arm64.whl", hash = "sha256:258b22210a4a258ccd077426c7a181d789d1121aca6db73a83f79372f5569ae0", size = 9647774, upload-time = "2023-08-16T16:54:39.365Z" },
    { url = "https://files.pythonhosted.org/packages/6c/92/68315e0aec041c4a5c720289f6c3ff1234742362659f3229e1668898c250/mypy-1.5.1-cp310-cp310-manylinux_2_17_x86_64.manylinux2014_x86_64.whl", hash = "sha256:a9ec1f695f0c25986e6f7f8778e5ce61659063268836a38c951200c57479cc12", size = 12106090, upload-time = "2023-08-16T16:54:30.336Z" },
    { url = "https://files.pythonhosted.org/packages/9d/5f/6ccabe78465c6b82a08519a52a7ffdcc450edbe7e338a223e3169cda588e/mypy-1.5.1-cp310-cp310-musllinux_1_1_x86_64.whl", hash = "sha256:abed92d9c8f08643c7d831300b739562b0a6c9fcb028d211134fc9ab20ccad5d", size = 12176875, upload-time = "2023-08-16T16:54:43.569Z" },
    { url = "https://files.pythonhosted.org/packages/27/e8/15e7c722cc0196a0ba296f86b68497c5de3b662ba6bf2c9eaabd18462974/mypy-1.5.1-cp310-cp310-win_amd64.whl", hash = "sha256:a156e6390944c265eb56afa67c74c0636f10283429171018446b732f1a05af25", size = 8921319, upload-time = "2023-08-16T16:54:17.86Z" },
    { url = "https://files.pythonhosted.org/packages/f5/e9/0207b4be5f20b15a2a8fc5507941cbf18887c026d21486ad62dd65054dc1/mypy-1.5.1-cp311-cp311-macosx_10_9_x86_64.whl", hash = "sha256:6ac9c21bfe7bc9f7f1b6fae441746e6a106e48fc9de530dea29e8cd37a2c0cc4", size = 10463137, upload-time = "2023-08-16T16:53:22.373Z" },
    { url = "https://files.pythonhosted.org/packages/3b/62/e4a096ff55326bddc51f2a532cede2fa2f5d02930e1085aaa4e46bf64dd7/mypy-1.5.1-cp311-cp311-macosx_11_0_arm64.whl", hash = "sha256:51cb1323064b1099e177098cb939eab2da42fea5d818d40113957ec954fc85f4", size = 9543725, upload-time = "2023-08-16T16:54:01.624Z" },
    { url = "https://files.pythonhosted.org/packages/66/51/6ef9d704c9d1f2197e2b966d0e50948879b97c6057f2652a9ba28e563c08/mypy-1.5.1-cp311-cp311-manylinux_2_17_x86_64.manylinux2014_x86_64.whl", hash = "sha256:596fae69f2bfcb7305808c75c00f81fe2829b6236eadda536f00610ac5ec2243", size = 11988272, upload-time = "2023-08-16T16:54:09.856Z" },
    { url = "https://files.pythonhosted.org/packages/04/ba/117a7497a714a8a62867e752fd8ba63eeac8e9a46bc9fc24bd85b00c2c84/mypy-1.5.1-cp311-cp311-musllinux_1_1_x86_64.whl", hash = "sha256:32cb59609b0534f0bd67faebb6e022fe534bdb0e2ecab4290d683d248be1b275", size = 12067086, upload-time = "2023-08-16T16:53:48.669Z" },
    { url = "https://files.pythonhosted.org/packages/4e/11/ac861ca5d9b16fd5b781c1941254d4e382e8eaab90e11f41f193d9222b7e/mypy-1.5.1-cp311-cp311-win_amd64.whl", hash = "sha256:159aa9acb16086b79bbb0016145034a1a05360626046a929f84579ce1666b315", size = 8914287, upload-time = "2023-08-16T16:53:58.067Z" },
    { url = "https://files.pythonhosted.org/packages/ff/87/7a81805e19648bc1f27569b1897774106aeca917b91a99998efb9a351525/mypy-1.5.1-cp312-cp312-macosx_10_9_x86_64.whl", hash = "sha256:f6b0e77db9ff4fda74de7df13f30016a0a663928d669c9f2c057048ba44f09bb", size = 10518948, upload-time = "2023-08-16T16:53:30.855Z" },
    { url = "https://files.pythonhosted.org/packages/e3/da/71b2bcbf64a1e51dd668ce1b9a149c4bdada0fb1b8cd023b7087bf6c0ab0/mypy-1.5.1-cp312-cp312-macosx_11_0_arm64.whl", hash = "sha256:26f71b535dfc158a71264e6dc805a9f8d2e60b67215ca0bfa26e2e1aa4d4d373", size = 9511651, upload-time = "2023-08-16T16:54:14.149Z" },
    { url = "https://files.pythonhosted.org/packages/bb/a1/eb6754a227d1b94058856962a5726e519abbb89433094111eff52e405af0/mypy-1.5.1-cp312-cp312-manylinux_2_17_x86_64.manylinux2014_x86_64.whl", hash = "sha256:2fc3a600f749b1008cc75e02b6fb3d4db8dbcca2d733030fe7a3b3502902f161", size = 12025737, upload-time = "2023-08-16T16:54:35.348Z" },
    { url = "https://files.pythonhosted.org/packages/e3/41/8c200b001eba5cfa4f3b12abc9892b5af372da4613e77f1819cc08e2c15f/mypy-1.5.1-cp312-cp312-musllinux_1_1_x86_64.whl", hash = "sha256:26fb32e4d4afa205b24bf645eddfbb36a1e17e995c5c99d6d00edb24b693406a", size = 12123565, upload-time = "2023-08-16T16:53:14.683Z" },
    { url = "https://files.pythonhosted.org/packages/9c/b0/b9cb9ac4253d67442f3717befc5c39eff80c4d5a3b675414a281f6fbd486/mypy-1.5.1-cp312-cp312-win_amd64.whl", hash = "sha256:82cb6193de9bbb3844bab4c7cf80e6227d5225cc7625b068a06d005d861ad5f1", size = 9005729, upload-time = "2023-08-16T16:54:05.454Z" },
    { url = "https://files.pythonhosted.org/packages/d7/e0/4f80f9d3a7dffb97d7ba3b2eb6b06011d311bfd645727e51b003db482d48/mypy-1.5.1-py3-none-any.whl", hash = "sha256:f757063a83970d67c444f6e01d9550a7402322af3557ce7630d3c957386fa8f5", size = 2483733, upload-time = "2023-08-16T16:52:59.198Z" },
]

[[package]]
name = "mypy-extensions"
version = "1.0.0"
source = { registry = "https://pypi.org/simple" }
sdist = { url = "https://files.pythonhosted.org/packages/98/a4/1ab47638b92648243faf97a5aeb6ea83059cc3624972ab6b8d2316078d3f/mypy_extensions-1.0.0.tar.gz", hash = "sha256:75dbf8955dc00442a438fc4d0666508a9a97b6bd41aa2f0ffe9d2f2725af0782", size = 4433, upload-time = "2023-02-04T12:11:27.157Z" }
wheels = [
    { url = "https://files.pythonhosted.org/packages/2a/e2/5d3f6ada4297caebe1a2add3b126fe800c96f56dbe5d1988a2cbe0b267aa/mypy_extensions-1.0.0-py3-none-any.whl", hash = "sha256:4392f6c0eb8a5668a69e23d168ffa70f0be9ccfd32b5cc2d26a34ae5b844552d", size = 4695, upload-time = "2023-02-04T12:11:25.002Z" },
]

[[package]]
name = "packaging"
version = "23.1"
source = { registry = "https://pypi.org/simple" }
sdist = { url = "https://files.pythonhosted.org/packages/b9/6c/7c6658d258d7971c5eb0d9b69fa9265879ec9a9158031206d47800ae2213/packaging-23.1.tar.gz", hash = "sha256:a392980d2b6cffa644431898be54b0045151319d1e7ec34f0cfed48767dd334f", size = 134240, upload-time = "2023-04-12T16:11:11.76Z" }
wheels = [
    { url = "https://files.pythonhosted.org/packages/ab/c3/57f0601a2d4fe15de7a553c00adbc901425661bf048f2a22dfc500caf121/packaging-23.1-py3-none-any.whl", hash = "sha256:994793af429502c4ea2ebf6bf664629d07c1a9fe974af92966e4b8d2df7edc61", size = 48905, upload-time = "2023-04-12T16:11:09.29Z" },
]

[[package]]
name = "pluggy"
version = "1.3.0"
source = { registry = "https://pypi.org/simple" }
sdist = { url = "https://files.pythonhosted.org/packages/36/51/04defc761583568cae5fd533abda3d40164cbdcf22dee5b7126ffef68a40/pluggy-1.3.0.tar.gz", hash = "sha256:cf61ae8f126ac6f7c451172cf30e3e43d3ca77615509771b3a984a0730651e12", size = 63670, upload-time = "2023-08-26T19:10:20.544Z" }
wheels = [
    { url = "https://files.pythonhosted.org/packages/05/b8/42ed91898d4784546c5f06c60506400548db3f7a4b3fb441cba4e5c17952/pluggy-1.3.0-py3-none-any.whl", hash = "sha256:d89c696a773f8bd377d18e5ecda92b7a3793cbe66c87060a6fb58c7b6e1061f7", size = 18934, upload-time = "2023-08-26T19:10:18.887Z" },
]

[[package]]
name = "py-cpuinfo"
version = "9.0.0"
source = { registry = "https://pypi.org/simple" }
sdist = { url = "https://files.pythonhosted.org/packages/37/a8/d832f7293ebb21690860d2e01d8115e5ff6f2ae8bbdc953f0eb0fa4bd2c7/py-cpuinfo-9.0.0.tar.gz", hash = "sha256:3cdbbf3fac90dc6f118bfd64384f309edeadd902d7c8fb17f02ffa1fc3f49690", size = 104716, upload-time = "2022-10-25T20:38:06.303Z" }
wheels = [
    { url = "https://files.pythonhosted.org/packages/e0/a9/023730ba63db1e494a271cb018dcd361bd2c917ba7004c3e49d5daf795a2/py_cpuinfo-9.0.0-py3-none-any.whl", hash = "sha256:859625bc251f64e21f077d099d4162689c762b5d6a4c3c97553d56241c9674d5", size = 22335, upload-time = "2022-10-25T20:38:27.636Z" },
]

[[package]]
name = "pytest"
version = "7.4.2"
source = { registry = "https://pypi.org/simple" }
dependencies = [
    { name = "colorama", marker = "sys_platform == 'win32'" },
    { name = "exceptiongroup", marker = "python_full_version < '3.11'" },
    { name = "iniconfig" },
    { name = "packaging" },
    { name = "pluggy" },
    { name = "tomli", marker = "python_full_version < '3.11'" },
]
sdist = { url = "https://files.pythonhosted.org/packages/e5/d0/18209bb95db8ee693a9a04fe056ab0663c6d6b1baf67dd50819dd9cd4bd7/pytest-7.4.2.tar.gz", hash = "sha256:a766259cfab564a2ad52cb1aae1b881a75c3eb7e34ca3779697c23ed47c47069", size = 1354640, upload-time = "2023-09-07T18:45:54.667Z" }
wheels = [
    { url = "https://files.pythonhosted.org/packages/df/d0/e192c4275aecabf74faa1aacd75ef700091913236ec78b1a98f62a2412ee/pytest-7.4.2-py3-none-any.whl", hash = "sha256:1d881c6124e08ff0a1bb75ba3ec0bfd8b5354a01c194ddd5a0a870a48d99b002", size = 324497, upload-time = "2023-09-07T18:45:52.001Z" },
]

[[package]]
name = "pytest-benchmark"
version = "5.0.1"
source = { registry = "https://pypi.org/simple" }
dependencies = [
    { name = "py-cpuinfo" },
    { name = "pytest" },
]
sdist = { url = "https://files.pythonhosted.org/packages/a3/48/b79272b2b8938513a66a62204a0649ef730dcf6cb52c812f4dc4daa62cd5/pytest-benchmark-5.0.1.tar.gz", hash = "sha256:8138178618c85586ce056c70cc5e92f4283c2e6198e8422c2c825aeb3ace6afd", size = 337310, upload-time = "2024-10-30T01:12:16.991Z" }
wheels = [
    { url = "https://files.pythonhosted.org/packages/f7/e2/c0da4989a933d6bac364f215217c47de37d2f641953aa69a37b66efd6d1b/pytest_benchmark-5.0.1-py3-none-any.whl", hash = "sha256:d75fec4cbf0d4fd91e020f425ce2d845e9c127c21bae35e77c84db8ed84bfaa6", size = 44062, upload-time = "2024-10-30T01:12:13.716Z" },
]

[[package]]
name = "pytest-cov"
version = "4.1.0"
source = { registry = "https://pypi.org/simple" }
dependencies = [
    { name = "coverage", extra = ["toml"] },
    { name = "pytest" },
]
sdist = { url = "https://files.pythonhosted.org/packages/7a/15/da3df99fd551507694a9b01f512a2f6cf1254f33601605843c3775f39460/pytest-cov-4.1.0.tar.gz", hash = "sha256:3904b13dfbfec47f003b8e77fd5b589cd11904a21ddf1ab38a64f204d6a10ef6", size = 63245, upload-time = "2023-05-24T18:44:56.845Z" }
wheels = [
    { url = "https://files.pythonhosted.org/packages/a7/4b/8b78d126e275efa2379b1c2e09dc52cf70df16fc3b90613ef82531499d73/pytest_cov-4.1.0-py3-none-any.whl", hash = "sha256:6ba70b9e97e69fcc3fb45bfeab2d0a138fb65c4d0d6a41ef33983ad114be8c3a", size = 21949, upload-time = "2023-05-24T18:44:54.079Z" },
]

[[package]]
name = "pytest-subtests"
version = "0.15.0"
source = { registry = "https://pypi.org/simple" }
dependencies = [
    { name = "attrs" },
    { name = "pytest" },
]
sdist = { url = "https://files.pythonhosted.org/packages/bb/d9/20097971a8d315e011e055d512fa120fd6be3bdb8f4b3aa3e3c6bf77bebc/pytest_subtests-0.15.0.tar.gz", hash = "sha256:cb495bde05551b784b8f0b8adfaa27edb4131469a27c339b80fd8d6ba33f887c", size = 18525, upload-time = "2025-10-20T16:26:18.358Z" }
wheels = [
    { url = "https://files.pythonhosted.org/packages/23/64/bba465299b37448b4c1b84c7a04178399ac22d47b3dc5db1874fe55a2bd3/pytest_subtests-0.15.0-py3-none-any.whl", hash = "sha256:da2d0ce348e1f8d831d5a40d81e3aeac439fec50bd5251cbb7791402696a9493", size = 9185, upload-time = "2025-10-20T16:26:17.239Z" },
]

[[package]]
name = "requests"
version = "2.31.0"
source = { registry = "https://pypi.org/simple" }
dependencies = [
    { name = "certifi" },
    { name = "charset-normalizer" },
    { name = "idna" },
    { name = "urllib3" },
]
sdist = { url = "https://files.pythonhosted.org/packages/9d/be/10918a2eac4ae9f02f6cfe6414b7a155ccd8f7f9d4380d62fd5b955065c3/requests-2.31.0.tar.gz", hash = "sha256:942c5a758f98d790eaed1a29cb6eefc7ffb0d1cf7af05c3d2791656dbd6ad1e1", size = 110794, upload-time = "2023-05-22T15:12:44.175Z" }
wheels = [
    { url = "https://files.pythonhosted.org/packages/70/8e/0e2d847013cb52cd35b38c009bb167a1a26b2ce6cd6965bf26b47bc0bf44/requests-2.31.0-py3-none-any.whl", hash = "sha256:58cd2187c01e70e6e26505bca751777aa9f2ee0b7f4300988b709f44e013003f", size = 62574, upload-time = "2023-05-22T15:12:42.313Z" },
]

[[package]]
name = "tagz"
version = "0.6.2"
source = { editable = "." }

[package.dev-dependencies]
dev = [
    { name = "coveralls" },
    { name = "markdown-pytest" },
    { name = "mypy" },
    { name = "pytest" },
    { name = "pytest-benchmark" },
    { name = "pytest-cov" },
]

[package.metadata]

[package.metadata.requires-dev]
dev = [
    { name = "coveralls", specifier = ">=3.3.1,<4" },
    { name = "markdown-pytest", specifier = ">=0.3.2" },
    { name = "mypy", specifier = ">=1.5.1,<2" },
    { name = "pytest", specifier = ">=7.4.2,<8" },
    { name = "pytest-benchmark", specifier = ">=5.0.1" },
    { name = "pytest-cov", specifier = ">=4.1.0,<5" },
]

[[package]]
name = "tomli"
version = "2.0.1"
source = { registry = "https://pypi.org/simple" }
sdist = { url = "https://files.pythonhosted.org/packages/c0/3f/d7af728f075fb08564c5949a9c95e44352e23dee646869fa104a3b2060a3/tomli-2.0.1.tar.gz", hash = "sha256:de526c12914f0c550d15924c62d72abc48d6fe7364aa87328337a31007fe8a4f", size = 15164, upload-time = "2022-02-08T10:54:04.006Z" }
wheels = [
    { url = "https://files.pythonhosted.org/packages/97/75/10a9ebee3fd790d20926a90a2547f0bf78f371b2f13aa822c759680ca7b9/tomli-2.0.1-py3-none-any.whl", hash = "sha256:939de3e7a6161af0c887ef91b7d41a53e7c5a1ca976325f429cb46ea9bc30ecc", size = 12757, upload-time = "2022-02-08T10:54:02.017Z" },
]

[[package]]
name = "typing-extensions"
version = "4.7.1"
source = { registry = "https://pypi.org/simple" }
sdist = { url = "https://files.pythonhosted.org/packages/3c/8b/0111dd7d6c1478bf83baa1cab85c686426c7a6274119aceb2bd9d35395ad/typing_extensions-4.7.1.tar.gz", hash = "sha256:b75ddc264f0ba5615db7ba217daeb99701ad295353c45f9e95963337ceeeffb2", size = 72876, upload-time = "2023-07-02T14:20:55.045Z" }
wheels = [
    { url = "https://files.pythonhosted.org/packages/ec/6b/63cc3df74987c36fe26157ee12e09e8f9db4de771e0f3404263117e75b95/typing_extensions-4.7.1-py3-none-any.whl", hash = "sha256:440d5dd3af93b060174bf433bccd69b0babc3b15b1a8dca43789fd7f61514b36", size = 33232, upload-time = "2023-07-02T14:20:53.275Z" },
]

[[package]]
name = "urllib3"
version = "2.0.4"
source = { registry = "https://pypi.org/simple" }
sdist = { url = "https://files.pythonhosted.org/packages/31/ab/46bec149bbd71a4467a3063ac22f4486ecd2ceb70ae8c70d5d8e4c2a7946/urllib3-2.0.4.tar.gz", hash = "sha256:8d22f86aae8ef5e410d4f539fde9ce6b2113a001bb4d189e0aed70642d602b11", size = 281517, upload-time = "2023-07-19T15:51:23.984Z" }
wheels = [
    { url = "https://files.pythonhosted.org/packages/9b/81/62fd61001fa4b9d0df6e31d47ff49cfa9de4af03adecf339c7bc30656b37/urllib3-2.0.4-py3-none-any.whl", hash = "sha256:de7df1803967d2c2a98e4b11bb7d6bd9210474c46e8a0401514e3a42a75ebde4", size = 123908, upload-time = "2023-07-19T15:51:22.189Z" },
]
